lockfileVersion: 5.4

specifiers:
  adm-zip: ^0.5.10
  kiwi-schema: ^0.4.7

dependencies:
  adm-zip: 0.5.10
  kiwi-schema: 0.4.7

packages:

  /adm-zip/0.5.10:
    resolution: {integrity: sha512-x0HvcHqVJNTPk/Bw8JbLWlWoo6Wwnsug0fnYYro1HBrjxZ3G7/AZk7Ahv8JwDe1uIcz8eBqvu86FuF1POiG7vQ==}
    engines: {node: '>=6.0'}
    dev: false

  /kiwi-schema/0.4.7:
    resolution: {integrity: sha512-IpxBAobeEea4gQDHQD0wUA6IzhMM2sVZ82oeOrXZzVfGHiqGPSayGOVvaHotai4NsYUTUbryVsHsQnKa4cfPNg==}
    hasBin: true
    dev: false
